
Microsoft Visual Studio Solution File, Format Version 12.00
# Visual Studio Version 17
VisualStudioVersion = 17.7.34009.444
MinimumVisualStudioVersion = 10.0.40219.1
Project("{9A19103F-16F7-4668-BE54-9A1E7A4F7556}") = "FORMS", "FORMS\FORMS.csproj", "{1201459D-BE7F-477C-94EF-C9FD401ABDF5}"
EndProject
Project("{2150E333-8FDC-42A3-9474-1A3956D46DE8}") = "NewFolder1", "NewFolder1", "{A07C28F9-B74C-4098-9139-8F20AD47A43C}"
EndProject
Global
	GlobalSection(SolutionConfigurationPlatforms) = preSolution
		Debug|Any CPU = Debug|Any CPU
		Release|Any CPU = Release|Any CPU
	EndGlobalSection
	GlobalSection(ProjectConfigurationPlatforms) = postSolution
		{1201459D-BE7F-477C-94EF-C9FD401ABDF5}.Debug|Any CPU.ActiveCfg = Debug|Any CPU
		{1201459D-BE7F-477C-94EF-C9FD401ABDF5}.Debug|Any CPU.Build.0 = Debug|Any CPU
		{1201459D-BE7F-477C-94EF-C9FD401ABDF5}.Release|Any CPU.ActiveCfg = Release|Any CPU
		{1201459D-BE7F-477C-94EF-C9FD401ABDF5}.Release|Any CPU.Build.0 = Release|Any CPU
	EndGlobalSection
	GlobalSection(SolutionProperties) = preSolution
		HideSolutionNode = FALSE
	EndGlobalSection
	GlobalSection(ExtensibilityGlobals) = postSolution
		SolutionGuid = {23876E6C-5619-43CB-8A41-9FB52F6982C2}
	EndGlobalSection
EndGlobal
